// !$*UTF8*$!
{
	archiveVersion = 1;
	classes = {
	};
	objectVersion = 50;
	objects = {

/* Begin PBXBuildFile section */
		041EB8F222FB64C000800ABB /* FixerService.swift in Sources */ = {isa = PBXBuildFile; fileRef = 041EB8F122FB64C000800ABB /* FixerService.swift */; };
		041EB8F422FB657B00800ABB /* ConvertionResp.swift in Sources */ = {isa = PBXBuildFile; fileRef = 041EB8F322FB657B00800ABB /* ConvertionResp.swift */; };
		04DC88E522F8822400C92415 /* AppDelegate.swift in Sources */ = {isa = PBXBuildFile; fileRef = 04DC88E422F8822400C92415 /* AppDelegate.swift */; };
		04DC88EA22F8822400C92415 /* Main.storyboard in Resources */ = {isa = PBXBuildFile; fileRef = 04DC88E822F8822400C92415 /* Main.storyboard */; };
		04DC88EC22F8822500C92415 /* Assets.xcassets in Resources */ = {isa = PBXBuildFile; fileRef = 04DC88EB22F8822500C92415 /* Assets.xcassets */; };
		04DC88EF22F8822500C92415 /* LaunchScreen.storyboard in Resources */ = {isa = PBXBuildFile; fileRef = 04DC88ED22F8822500C92415 /* LaunchScreen.storyboard */; };
		04DC88FA22F8822500C92415 /* CurrencyUIUITests.swift in Sources */ = {isa = PBXBuildFile; fileRef = 04DC88F922F8822500C92415 /* CurrencyUIUITests.swift */; };
		04DC890922F8BF4C00C92415 /* CurveBg.swift in Sources */ = {isa = PBXBuildFile; fileRef = 04DC890822F8BF4C00C92415 /* CurveBg.swift */; };
		04DC890C22F8BFA500C92415 /* Constants.swift in Sources */ = {isa = PBXBuildFile; fileRef = 04DC890B22F8BFA500C92415 /* Constants.swift */; };
		04DC890F22F9CA1A00C92415 /* FirstHalfCell.swift in Sources */ = {isa = PBXBuildFile; fileRef = 04DC890D22F9CA1A00C92415 /* FirstHalfCell.swift */; };
		04DC891022F9CA1A00C92415 /* FirstHalfCell.xib in Resources */ = {isa = PBXBuildFile; fileRef = 04DC890E22F9CA1A00C92415 /* FirstHalfCell.xib */; };
		04DC891322F9CA2F00C92415 /* SecondHalfCell.swift in Sources */ = {isa = PBXBuildFile; fileRef = 04DC891122F9CA2F00C92415 /* SecondHalfCell.swift */; };
		04DC891422F9CA2F00C92415 /* SecondHalfCell.xib in Resources */ = {isa = PBXBuildFile; fileRef = 04DC891222F9CA2F00C92415 /* SecondHalfCell.xib */; };
		04DC891622F9CBA600C92415 /* LandingVC.swift in Sources */ = {isa = PBXBuildFile; fileRef = 04DC891522F9CBA600C92415 /* LandingVC.swift */; };
		064D44A1C4B1DAAC49393D34 /* Pods_CurrencyUI.framework in Frameworks */ = {isa = PBXBuildFile; fileRef = 8AF3DF8BFC60FCEDAEC57CE0 /* Pods_CurrencyUI.framework */; };
		C447402F9422AF3C2CC0CE5D /* Pods_CurrencyUIUITests.framework in Frameworks */ = {isa = PBXBuildFile; fileRef = DDBDE71A338E17704EA1E73D /* Pods_CurrencyUIUITests.framework */; };
/* End PBXBuildFile section */

/* Begin PBXContainerItemProxy section */
		04DC88F622F8822500C92415 /* PBXContainerItemProxy */ = {
			isa = PBXContainerItemProxy;
			containerPortal = 04DC88D922F8822400C92415 /* Project object */;
			proxyType = 1;
			remoteGlobalIDString = 04DC88E022F8822400C92415;
			remoteInfo = CurrencyUI;
		};
/* End PBXContainerItemProxy section */

/* Begin PBXFileReference section */
		041EB8F122FB64C000800ABB /* FixerService.swift */ = {isa = PBXFileReference; lastKnownFileType = sourcecode.swift; path = FixerService.swift; sourceTree = "<group>"; };
		041EB8F322FB657B00800ABB /* ConvertionResp.swift */ = {isa = PBXFileReference; lastKnownFileType = sourcecode.swift; path = ConvertionResp.swift; sourceTree = "<group>"; };
		04DC88E122F8822400C92415 /* CurrencyUI.app */ = {isa = PBXFileReference; explicitFileType = wrapper.application; includeInIndex = 0; path = CurrencyUI.app; sourceTree = BUILT_PRODUCTS_DIR; };
		04DC88E422F8822400C92415 /* AppDelegate.swift */ = {isa = PBXFileReference; lastKnownFileType = sourcecode.swift; path = AppDelegate.swift; sourceTree = "<group>"; };
		04DC88E922F8822400C92415 /* Base */ = {isa = PBXFileReference; lastKnownFileType = file.storyboard; name = Base; path = Base.lproj/Main.storyboard; sourceTree = "<group>"; };
		04DC88EB22F8822500C92415 /* Assets.xcassets */ = {isa = PBXFileReference; lastKnownFileType = folder.assetcatalog; path = Assets.xcassets; sourceTree = "<group>"; };
		04DC88EE22F8822500C92415 /* Base */ = {isa = PBXFileReference; lastKnownFileType = file.storyboard; name = Base; path = Base.lproj/LaunchScreen.storyboard; sourceTree = "<group>"; };
		04DC88F022F8822500C92415 /* Info.plist */ = {isa = PBXFileReference; lastKnownFileType = text.plist.xml; path = Info.plist; sourceTree = "<group>"; };
		04DC88F522F8822500C92415 /* CurrencyUIUITests.xctest */ = {isa = PBXFileReference; explicitFileType = wrapper.cfbundle; includeInIndex = 0; path = CurrencyUIUITests.xctest; sourceTree = BUILT_PRODUCTS_DIR; };
		04DC88F922F8822500C92415 /* CurrencyUIUITests.swift */ = {isa = PBXFileReference; lastKnownFileType = sourcecode.swift; path = CurrencyUIUITests.swift; sourceTree = "<group>"; };
		04DC88FB22F8822500C92415 /* Info.plist */ = {isa = PBXFileReference; lastKnownFileType = text.plist.xml; path = Info.plist; sourceTree = "<group>"; };
		04DC890822F8BF4C00C92415 /* CurveBg.swift */ = {isa = PBXFileReference; lastKnownFileType = sourcecode.swift; path = CurveBg.swift; sourceTree = "<group>"; };
		04DC890B22F8BFA500C92415 /* Constants.swift */ = {isa = PBXFileReference; lastKnownFileType = sourcecode.swift; path = Constants.swift; sourceTree = "<group>"; };
		04DC890D22F9CA1A00C92415 /* FirstHalfCell.swift */ = {isa = PBXFileReference; lastKnownFileType = sourcecode.swift; path = FirstHalfCell.swift; sourceTree = "<group>"; };
		04DC890E22F9CA1A00C92415 /* FirstHalfCell.xib */ = {isa = PBXFileReference; lastKnownFileType = file.xib; path = FirstHalfCell.xib; sourceTree = "<group>"; };
		04DC891122F9CA2F00C92415 /* SecondHalfCell.swift */ = {isa = PBXFileReference; lastKnownFileType = sourcecode.swift; path = SecondHalfCell.swift; sourceTree = "<group>"; };
		04DC891222F9CA2F00C92415 /* SecondHalfCell.xib */ = {isa = PBXFileReference; lastKnownFileType = file.xib; path = SecondHalfCell.xib; sourceTree = "<group>"; };
		04DC891522F9CBA600C92415 /* LandingVC.swift */ = {isa = PBXFileReference; lastKnownFileType = sourcecode.swift; path = LandingVC.swift; sourceTree = "<group>"; };
		544B3F37896AC577EA2CE2E1 /* Pods-CurrencyUIUITests.debug.xcconfig */ = {isa = PBXFileReference; includeInIndex = 1; lastKnownFileType = text.xcconfig; name = "Pods-CurrencyUIUITests.debug.xcconfig"; path = "Pods/Target Support Files/Pods-CurrencyUIUITests/Pods-CurrencyUIUITests.debug.xcconfig"; sourceTree = "<group>"; };
		79ADD3B8D9113CFC4E5FEB1C /* Pods-CurrencyUIUITests.release.xcconfig */ = {isa = PBXFileReference; includeInIndex = 1; lastKnownFileType = text.xcconfig; name = "Pods-CurrencyUIUITests.release.xcconfig"; path = "Pods/Target Support Files/Pods-CurrencyUIUITests/Pods-CurrencyUIUITests.release.xcconfig"; sourceTree = "<group>"; };
		8AF3DF8BFC60FCEDAEC57CE0 /* Pods_CurrencyUI.framework */ = {isa = PBXFileReference; explicitFileType = wrapper.framework; includeInIndex = 0; path = Pods_CurrencyUI.framework; sourceTree = BUILT_PRODUCTS_DIR; };
		D8FB22892A412644DA08C869 /* Pods-CurrencyUI.release.xcconfig */ = {isa = PBXFileReference; includeInIndex = 1; lastKnownFileType = text.xcconfig; name = "Pods-CurrencyUI.release.xcconfig"; path = "Pods/Target Support Files/Pods-CurrencyUI/Pods-CurrencyUI.release.xcconfig"; sourceTree = "<group>"; };
		DDBDE71A338E17704EA1E73D /* Pods_CurrencyUIUITests.framework */ = {isa = PBXFileReference; explicitFileType = wrapper.framework; includeInIndex = 0; path = Pods_CurrencyUIUITests.framework; sourceTree = BUILT_PRODUCTS_DIR; };
		E596359BCB0E1043D4F6FD05 /* Pods-CurrencyUI.debug.xcconfig */ = {isa = PBXFileReference; includeInIndex = 1; lastKnownFileType = text.xcconfig; name = "Pods-CurrencyUI.debug.xcconfig"; path = "Pods/Target Support Files/Pods-CurrencyUI/Pods-CurrencyUI.debug.xcconfig"; sourceTree = "<group>"; };
/* End PBXFileReference section */

/* Begin PBXFrameworksBuildPhase section */
		04DC88DE22F8822400C92415 /* Frameworks */ = {
			isa = PBXFrameworksBuildPhase;
			buildActionMask = 2147483647;
			files = (
				064D44A1C4B1DAAC49393D34 /* Pods_CurrencyUI.framework in Frameworks */,
			);
			runOnlyForDeploymentPostprocessing = 0;
		};
		04DC88F222F8822500C92415 /* Frameworks */ = {
			isa = PBXFrameworksBuildPhase;
			buildActionMask = 2147483647;
			files = (
				C447402F9422AF3C2CC0CE5D /* Pods_CurrencyUIUITests.framework in Frameworks */,
			);
			runOnlyForDeploymentPostprocessing = 0;
		};
/* End PBXFrameworksBuildPhase section */

/* Begin PBXGroup section */
		041EB8F022FB648700800ABB /* Service */ = {
			isa = PBXGroup;
			children = (
				041EB8F122FB64C000800ABB /* FixerService.swift */,
			);
			path = Service;
			sourceTree = "<group>";
		};
		04DC88D822F8822400C92415 = {
			isa = PBXGroup;
			children = (
				041EB8F022FB648700800ABB /* Service */,
				04DC890A22F8BF8400C92415 /* Util */,
				04DC890722F8BF2900C92415 /* CustomView */,
				04DC890622F8825C00C92415 /* Controllers */,
				04DC890522F8825600C92415 /* Views */,
				04DC890422F8823600C92415 /* Models */,
				04DC88E322F8822400C92415 /* CurrencyUI */,
				04DC88F822F8822500C92415 /* CurrencyUIUITests */,
				04DC88E222F8822400C92415 /* Products */,
				6D4EC7C772F1857829EA824B /* Pods */,
				04DFD23724C2ABE414CE960F /* Frameworks */,
			);
			sourceTree = "<group>";
		};
		04DC88E222F8822400C92415 /* Products */ = {
			isa = PBXGroup;
			children = (
				04DC88E122F8822400C92415 /* CurrencyUI.app */,
				04DC88F522F8822500C92415 /* CurrencyUIUITests.xctest */,
			);
			name = Products;
			sourceTree = "<group>";
		};
		04DC88E322F8822400C92415 /* CurrencyUI */ = {
			isa = PBXGroup;
			children = (
				04DC88E422F8822400C92415 /* AppDelegate.swift */,
				04DC88E822F8822400C92415 /* Main.storyboard */,
				04DC88EB22F8822500C92415 /* Assets.xcassets */,
				04DC88ED22F8822500C92415 /* LaunchScreen.storyboard */,
				04DC88F022F8822500C92415 /* Info.plist */,
			);
			path = CurrencyUI;
			sourceTree = "<group>";
		};
		04DC88F822F8822500C92415 /* CurrencyUIUITests */ = {
			isa = PBXGroup;
			children = (
				04DC88F922F8822500C92415 /* CurrencyUIUITests.swift */,
				04DC88FB22F8822500C92415 /* Info.plist */,
			);
			path = CurrencyUIUITests;
			sourceTree = "<group>";
		};
		04DC890422F8823600C92415 /* Models */ = {
			isa = PBXGroup;
			children = (
				041EB8F322FB657B00800ABB /* ConvertionResp.swift */,
			);
			path = Models;
			sourceTree = "<group>";
		};
		04DC890522F8825600C92415 /* Views */ = {
			isa = PBXGroup;
			children = (
				04DC890D22F9CA1A00C92415 /* FirstHalfCell.swift */,
				04DC890E22F9CA1A00C92415 /* FirstHalfCell.xib */,
				04DC891122F9CA2F00C92415 /* SecondHalfCell.swift */,
				04DC891222F9CA2F00C92415 /* SecondHalfCell.xib */,
			);
			path = Views;
			sourceTree = "<group>";
		};
		04DC890622F8825C00C92415 /* Controllers */ = {
			isa = PBXGroup;
			children = (
				04DC891522F9CBA600C92415 /* LandingVC.swift */,
			);
			path = Controllers;
			sourceTree = "<group>";
		};
		04DC890722F8BF2900C92415 /* CustomView */ = {
			isa = PBXGroup;
			children = (
				04DC890822F8BF4C00C92415 /* CurveBg.swift */,
			);
			path = CustomView;
			sourceTree = "<group>";
		};
		04DC890A22F8BF8400C92415 /* Util */ = {
			isa = PBXGroup;
			children = (
				04DC890B22F8BFA500C92415 /* Constants.swift */,
			);
			path = Util;
			sourceTree = "<group>";
		};
		04DFD23724C2ABE414CE960F /* Frameworks */ = {
			isa = PBXGroup;
			children = (
				8AF3DF8BFC60FCEDAEC57CE0 /* Pods_CurrencyUI.framework */,
				DDBDE71A338E17704EA1E73D /* Pods_CurrencyUIUITests.framework */,
			);
			name = Frameworks;
			sourceTree = "<group>";
		};
		6D4EC7C772F1857829EA824B /* Pods */ = {
			isa = PBXGroup;
			children = (
				E596359BCB0E1043D4F6FD05 /* Pods-CurrencyUI.debug.xcconfig */,
				D8FB22892A412644DA08C869 /* Pods-CurrencyUI.release.xcconfig */,
				544B3F37896AC577EA2CE2E1 /* Pods-CurrencyUIUITests.debug.xcconfig */,
				79ADD3B8D9113CFC4E5FEB1C /* Pods-CurrencyUIUITests.release.xcconfig */,
			);
			name = Pods;
			sourceTree = "<group>";
		};
/* End PBXGroup section */

/* Begin PBXNativeTarget section */
		04DC88E022F8822400C92415 /* CurrencyUI */ = {
			isa = PBXNativeTarget;
			buildConfigurationList = 04DC88FE22F8822500C92415 /* Build configuration list for PBXNativeTarget "CurrencyUI" */;
			buildPhases = (
				96A6D3432A4EFF5A826358B1 /* [CP] Check Pods Manifest.lock */,
				04DC88DD22F8822400C92415 /* Sources */,
				04DC88DE22F8822400C92415 /* Frameworks */,
				04DC88DF22F8822400C92415 /* Resources */,
				62C3811DA149F92803CB9E4A /* [CP] Embed Pods Frameworks */,
			);
			buildRules = (
			);
			dependencies = (
			);
			name = CurrencyUI;
			productName = CurrencyUI;
			productReference = 04DC88E122F8822400C92415 /* CurrencyUI.app */;
			productType = "com.apple.product-type.application";
		};
		04DC88F422F8822500C92415 /* CurrencyUIUITests */ = {
			isa = PBXNativeTarget;
			buildConfigurationList = 04DC890122F8822500C92415 /* Build configuration list for PBXNativeTarget "CurrencyUIUITests" */;
			buildPhases = (
				A06E8559430F05B4D0A304F1 /* [CP] Check Pods Manifest.lock */,
				04DC88F122F8822500C92415 /* Sources */,
				04DC88F222F8822500C92415 /* Frameworks */,
				04DC88F322F8822500C92415 /* Resources */,
			);
			buildRules = (
			);
			dependencies = (
				04DC88F722F8822500C92415 /* PBXTargetDependency */,
			);
			name = CurrencyUIUITests;
			productName = CurrencyUIUITests;
			productReference = 04DC88F522F8822500C92415 /* CurrencyUIUITests.xctest */;
			productType = "com.apple.product-type.bundle.ui-testing";
		};
/* End PBXNativeTarget section */

/* Begin PBXProject section */
		04DC88D922F8822400C92415 /* Project object */ = {
			isa = PBXProject;
			attributes = {
				LastSwiftUpdateCheck = 1010;
				LastUpgradeCheck = 1010;
				ORGANIZATIONNAME = wox1;
				TargetAttributes = {
					04DC88E022F8822400C92415 = {
						CreatedOnToolsVersion = 10.1;
					};
					04DC88F422F8822500C92415 = {
						CreatedOnToolsVersion = 10.1;
						TestTargetID = 04DC88E022F8822400C92415;
					};
				};
			};
			buildConfigurationList = 04DC88DC22F8822400C92415 /* Build configuration list for PBXProject "CurrencyUI" */;
			compatibilityVersion = "Xcode 9.3";
			developmentRegion = en;
			hasScannedForEncodings = 0;
			knownRegions = (
				en,
				Base,
			);
			mainGroup = 04DC88D822F8822400C92415;
			productRefGroup = 04DC88E222F8822400C92415 /* Products */;
			projectDirPath = "";
			projectRoot = "";
			targets = (
				04DC88E022F8822400C92415 /* CurrencyUI */,
				04DC88F422F8822500C92415 /* CurrencyUIUITests */,
			);
		};
/* End PBXProject section */

/* Begin PBXResourcesBuildPhase section */
		04DC88DF22F8822400C92415 /* Resources */ = {
			isa = PBXResourcesBuildPhase;
			buildActionMask = 2147483647;
			files = (
				04DC88EF22F8822500C92415 /* LaunchScreen.storyboard in Resources */,
				04DC891422F9CA2F00C92415 /* SecondHalfCell.xib in Resources */,
				04DC891022F9CA1A00C92415 /* FirstHalfCell.xib in Resources */,
				04DC88EC22F8822500C92415 /* Assets.xcassets in Resources */,
				04DC88EA22F8822400C92415 /* Main.storyboard in Resources */,
			);
			runOnlyForDeploymentPostprocessing = 0;
		};
		04DC88F322F8822500C92415 /* Resources */ = {
			isa = PBXResourcesBuildPhase;
			buildActionMask = 2147483647;
			files = (
			);
			runOnlyForDeploymentPostprocessing = 0;
		};
/* End PBXResourcesBuildPhase section */

/* Begin PBXShellScriptBuildPhase section */
		62C3811DA149F92803CB9E4A /* [CP] Embed Pods Frameworks */ = {
			isa = PBXShellScriptBuildPhase;
			buildActionMask = 2147483647;
			files = (
			);
			inputFileListPaths = (
			);
			inputPaths = (
				"${SRCROOT}/Pods/Target Support Files/Pods-CurrencyUI/Pods-CurrencyUI-frameworks.sh",
				"${BUILT_PRODUCTS_DIR}/Alamofire/Alamofire.framework",
				"${BUILT_PRODUCTS_DIR}/Charts/Charts.framework",
				"${BUILT_PRODUCTS_DIR}/SnapKit/SnapKit.framework",
				"${BUILT_PRODUCTS_DIR}/SwiftyJSON/SwiftyJSON.framework",
			);
			name = "[CP] Embed Pods Frameworks";
			outputFileListPaths = (
			);
			outputPaths = (
				"${TARGET_BUILD_DIR}/${FRAMEWORKS_FOLDER_PATH}/Alamofire.framework",
				"${TARGET_BUILD_DIR}/${FRAMEWORKS_FOLDER_PATH}/Charts.framework",
				"${TARGET_BUILD_DIR}/${FRAMEWORKS_FOLDER_PATH}/SnapKit.framework",
				"${TARGET_BUILD_DIR}/${FRAMEWORKS_FOLDER_PATH}/SwiftyJSON.framework",
			);
			runOnlyForDeploymentPostprocessing = 0;
			shellPath = /bin/sh;
			shellScript = "\"${SRCROOT}/Pods/Target Support Files/Pods-CurrencyUI/Pods-CurrencyUI-frameworks.sh\"\n";
			showEnvVarsInLog = 0;
		};
		96A6D3432A4EFF5A826358B1 /* [CP] Check Pods Manifest.lock */ = {
			isa = PBXShellScriptBuildPhase;
			buildActionMask = 2147483647;
			files = (
			);
			inputFileListPaths = (
			);
			inputPaths = (
				"${PODS_PODFILE_DIR_PATH}/Podfile.lock",
				"${PODS_ROOT}/Manifest.lock",
			);
			name = "[CP] Check Pods Manifest.lock";
			outputFileListPaths = (
			);
			outputPaths = (
				"$(DERIVED_FILE_DIR)/Pods-CurrencyUI-checkManifestLockResult.txt",
			);
			runOnlyForDeploymentPostprocessing = 0;
			shellPath = /bin/sh;
			shellScript = "diff \"${PODS_PODFILE_DIR_PATH}/Podfile.lock\" \"${PODS_ROOT}/Manifest.lock\" > /dev/null\nif [ $? != 0 ] ; then\n    # print error to STDERR\n    echo \"error: The sandbox is not in sync with the Podfile.lock. Run 'pod install' or update your CocoaPods installation.\" >&2\n    exit 1\nfi\n# This output is used by Xcode 'outputs' to avoid re-running this script phase.\necho \"SUCCESS\" > \"${SCRIPT_OUTPUT_FILE_0}\"\n";
			showEnvVarsInLog = 0;
		};
		A06E8559430F05B4D0A304F1 /* [CP] Check Pods Manifest.lock */ = {
			isa = PBXShellScriptBuildPhase;
			buildActionMask = 2147483647;
			files = (
			);
			inputFileListPaths = (
			);
			inputPaths = (
				"${PODS_PODFILE_DIR_PATH}/Podfile.lock",
				"${PODS_ROOT}/Manifest.lock",
			);
			name = "[CP] Check Pods Manifest.lock";
			outputFileListPaths = (
			);
			outputPaths = (
				"$(DERIVED_FILE_DIR)/Pods-CurrencyUIUITests-checkManifestLockResult.txt",
			);
			runOnlyForDeploymentPostprocessing = 0;
			shellPath = /bin/sh;
			shellScript = "diff \"${PODS_PODFILE_DIR_PATH}/Podfile.lock\" \"${PODS_ROOT}/Manifest.lock\" > /dev/null\nif [ $? != 0 ] ; then\n    # print error to STDERR\n    echo \"error: The sandbox is not in sync with the Podfile.lock. Run 'pod install' or update your CocoaPods installation.\" >&2\n    exit 1\nfi\n# This output is used by Xcode 'outputs' to avoid re-running this script phase.\necho \"SUCCESS\" > \"${SCRIPT_OUTPUT_FILE_0}\"\n";
			showEnvVarsInLog = 0;
		};
/* End PBXShellScriptBuildPhase section */

/* Begin PBXSourcesBuildPhase section */
		04DC88DD22F8822400C92415 /* Sources */ = {
			isa = PBXSourcesBuildPhase;
			buildActionMask = 2147483647;
			files = (
				041EB8F422FB657B00800ABB /* ConvertionResp.swift in Sources */,
				04DC891322F9CA2F00C92415 /* SecondHalfCell.swift in Sources */,
				04DC890922F8BF4C00C92415 /* CurveBg.swift in Sources */,
				04DC88E522F8822400C92415 /* AppDelegate.swift in Sources */,
				04DC890C22F8BFA500C92415 /* Constants.swift in Sources */,
				04DC891622F9CBA600C92415 /* LandingVC.swift in Sources */,
				04DC890F22F9CA1A00C92415 /* FirstHalfCell.swift in Sources */,
				041EB8F222FB64C000800ABB /* FixerService.swift in Sources */,
			);
			runOnlyForDeploymentPostprocessing = 0;
		};
		04DC88F122F8822500C92415 /* Sources */ = {
			isa = PBXSourcesBuildPhase;
			buildActionMask = 2147483647;
			files = (
				04DC88FA22F8822500C92415 /* CurrencyUIUITests.swift in Sources */,
			);
			runOnlyForDeploymentPostprocessing = 0;
		};
/* End PBXSourcesBuildPhase section */

/* Begin PBXTargetDependency section */
		04DC88F722F8822500C92415 /* PBXTargetDependency */ = {
			isa = PBXTargetDependency;
			target = 04DC88E022F8822400C92415 /* CurrencyUI */;
			targetProxy = 04DC88F622F8822500C92415 /* PBXContainerItemProxy */;
		};
/* End PBXTargetDependency section */

/* Begin PBXVariantGroup section */
		04DC88E822F8822400C92415 /* Main.storyboard */ = {
			isa = PBXVariantGroup;
			children = (
				04DC88E922F8822400C92415 /* Base */,
			);
			name = Main.storyboard;
			sourceTree = "<group>";
		};
		04DC88ED22F8822500C92415 /* LaunchScreen.storyboard */ = {
			isa = PBXVariantGroup;
			children = (
				04DC88EE22F8822500C92415 /* Base */,
			);
			name = LaunchScreen.storyboard;
			sourceTree = "<group>";
		};
/* End PBXVariantGroup section */

/* Begin XCBuildConfiguration section */
		04DC88FC22F8822500C92415 /* Debug */ = {
			isa = XCBuildConfiguration;
			buildSettings = {
				ALWAYS_SEARCH_USER_PATHS = NO;
				CLANG_ANALYZER_NONNULL = YES;
				CLANG_ANALYZER_NUMBER_OBJECT_CONVERSION = YES_AGGRESSIVE;
				CLANG_CXX_LANGUAGE_STANDARD = "gnu++14";
				CLANG_CXX_LIBRARY = "libc++";
				CLANG_ENABLE_MODULES = YES;
				CLANG_ENABLE_OBJC_ARC = YES;
				CLANG_ENABLE_OBJC_WEAK = YES;
				CLANG_WARN_BLOCK_CAPTURE_AUTORELEASING = YES;
				CLANG_WARN_BOOL_CONVERSION = YES;
				CLANG_WARN_COMMA = YES;
				CLANG_WARN_CONSTANT_CONVERSION = YES;
				CLANG_WARN_DEPRECATED_OBJC_IMPLEMENTATIONS = YES;
				CLANG_WARN_DIRECT_OBJC_ISA_USAGE = YES_ERROR;
				CLANG_WARN_DOCUMENTATION_COMMENTS = YES;
				CLANG_WARN_EMPTY_BODY = YES;
				CLANG_WARN_ENUM_CONVERSION = YES;
				CLANG_WARN_INFINITE_RECURSION = YES;
				CLANG_WARN_INT_CONVERSION = YES;
				CLANG_WARN_NON_LITERAL_NULL_CONVERSION = YES;
				CLANG_WARN_OBJC_IMPLICIT_RETAIN_SELF = YES;
				CLANG_WARN_OBJC_LITERAL_CONVERSION = YES;
				CLANG_WARN_OBJC_ROOT_CLASS = YES_ERROR;
				CLANG_WARN_RANGE_LOOP_ANALYSIS = YES;
				CLANG_WARN_STRICT_PROTOTYPES = YES;
				CLANG_WARN_SUSPICIOUS_MOVE = YES;
				CLANG_WARN_UNGUARDED_AVAILABILITY = YES_AGGRESSIVE;
				CLANG_WARN_UNREACHABLE_CODE = YES;
				CLANG_WARN__DUPLICATE_METHOD_MATCH = YES;
				CODE_SIGN_IDENTITY = "iPhone Developer";
				COPY_PHASE_STRIP = NO;
				DEBUG_INFORMATION_FORMAT = dwarf;
				ENABLE_STRICT_OBJC_MSGSEND = YES;
				ENABLE_TESTABILITY = YES;
				GCC_C_LANGUAGE_STANDARD = gnu11;
				GCC_DYNAMIC_NO_PIC = NO;
				GCC_NO_COMMON_BLOCKS = YES;
				GCC_OPTIMIZATION_LEVEL = 0;
				GCC_PREPROCESSOR_DEFINITIONS = (
					"DEBUG=1",
					"$(inherited)",
				);
				GCC_WARN_64_TO_32_BIT_CONVERSION = YES;
				GCC_WARN_ABOUT_RETURN_TYPE = YES_ERROR;
				GCC_WARN_UNDECLARED_SELECTOR = YES;
				GCC_WARN_UNINITIALIZED_AUTOS = YES_AGGRESSIVE;
				GCC_WARN_UNUSED_FUNCTION = YES;
				GCC_WARN_UNUSED_VARIABLE = YES;
				IPHONEOS_DEPLOYMENT_TARGET = 12.1;
				MTL_ENABLE_DEBUG_INFO = INCLUDE_SOURCE;
				MTL_FAST_MATH = YES;
				ONLY_ACTIVE_ARCH = YES;
				SDKROOT = iphoneos;
				SWIFT_ACTIVE_COMPILATION_CONDITIONS = DEBUG;
				SWIFT_OPTIMIZATION_LEVEL = "-Onone";
			};
			name = Debug;
		};
		04DC88FD22F8822500C92415 /* Release */ = {
			isa = XCBuildConfiguration;
			buildSettings = {
				ALWAYS_SEARCH_USER_PATHS = NO;
				CLANG_ANALYZER_NONNULL = YES;
				CLANG_ANALYZER_NUMBER_OBJECT_CONVERSION = YES_AGGRESSIVE;
				CLANG_CXX_LANGUAGE_STANDARD = "gnu++14";
				CLANG_CXX_LIBRARY = "libc++";
				CLANG_ENABLE_MODULES = YES;
				CLANG_ENABLE_OBJC_ARC = YES;
				CLANG_ENABLE_OBJC_WEAK = YES;
				CLANG_WARN_BLOCK_CAPTURE_AUTORELEASING = YES;
				CLANG_WARN_BOOL_CONVERSION = YES;
				CLANG_WARN_COMMA = YES;
				CLANG_WARN_CONSTANT_CONVERSION = YES;
				CLANG_WARN_DEPRECATED_OBJC_IMPLEMENTATIONS = YES;
				CLANG_WARN_DIRECT_OBJC_ISA_USAGE = YES_ERROR;
				CLANG_WARN_DOCUMENTATION_COMMENTS = YES;
				CLANG_WARN_EMPTY_BODY = YES;
				CLANG_WARN_ENUM_CONVERSION = YES;
				CLANG_WARN_INFINITE_RECURSION = YES;
				CLANG_WARN_INT_CONVERSION = YES;
				CLANG_WARN_NON_LITERAL_NULL_CONVERSION = YES;
				CLANG_WARN_OBJC_IMPLICIT_RETAIN_SELF = YES;
				CLANG_WARN_OBJC_LITERAL_CONVERSION = YES;
				CLANG_WARN_OBJC_ROOT_CLASS = YES_ERROR;
				CLANG_WARN_RANGE_LOOP_ANALYSIS = YES;
				CLANG_WARN_STRICT_PROTOTYPES = YES;
				CLANG_WARN_SUSPICIOUS_MOVE = YES;
				CLANG_WARN_UNGUARDED_AVAILABILITY = YES_AGGRESSIVE;
				CLANG_WARN_UNREACHABLE_CODE = YES;
				CLANG_WARN__DUPLICATE_METHOD_MATCH = YES;
				CODE_SIGN_IDENTITY = "iPhone Developer";
				COPY_PHASE_STRIP = NO;
				DEBUG_INFORMATION_FORMAT = "dwarf-with-dsym";
				ENABLE_NS_ASSERTIONS = NO;
				ENABLE_STRICT_OBJC_MSGSEND = YES;
				GCC_C_LANGUAGE_STANDARD = gnu11;
				GCC_NO_COMMON_BLOCKS = YES;
				GCC_WARN_64_TO_32_BIT_CONVERSION = YES;
				GCC_WARN_ABOUT_RETURN_TYPE = YES_ERROR;
				GCC_WARN_UNDECLARED_SELECTOR = YES;
				GCC_WARN_UNINITIALIZED_AUTOS = YES_AGGRESSIVE;
				GCC_WARN_UNUSED_FUNCTION = YES;
				GCC_WARN_UNUSED_VARIABLE = YES;
				IPHONEOS_DEPLOYMENT_TARGET = 12.1;
				MTL_ENABLE_DEBUG_INFO = NO;
				MTL_FAST_MATH = YES;
				SDKROOT = iphoneos;
				SWIFT_COMPILATION_MODE = wholemodule;
				SWIFT_OPTIMIZATION_LEVEL = "-O";
				VALIDATE_PRODUCT = YES;
			};
			name = Release;
		};
		04DC88FF22F8822500C92415 /* Debug */ = {
			isa = XCBuildConfiguration;
			baseConfigurationReference = E596359BCB0E1043D4F6FD05 /* Pods-CurrencyUI.debug.xcconfig */;
			buildSettings = {
				ASSETCATALOG_COMPILER_APPICON_NAME = AppIcon;
				CODE_SIGN_STYLE = Automatic;
				DEVELOPMENT_TEAM = LB5YMG5W6W;
				INFOPLIST_FILE = CurrencyUI/Info.plist;
				LD_RUNPATH_SEARCH_PATHS = (
					"$(inherited)",
					"@executable_path/Frameworks",
				);
				PRODUCT_BUNDLE_IDENTIFIER = wox1.CurrencyUI;
				PRODUCT_NAME = "$(TARGET_NAME)";
				SWIFT_VERSION = 4.2;
				TARGETED_DEVICE_FAMILY = "1,2";
			};
			name = Debug;
		};
		04DC890022F8822500C92415 /* Release */ = {
			isa = XCBuildConfiguration;
			baseConfigurationReference = D8FB22892A412644DA08C869 /* Pods-CurrencyUI.release.xcconfig */;
			buildSettings = {
				ASSETCATALOG_COMPILER_APPICON_NAME = AppIcon;
				CODE_SIGN_STYLE = Automatic;
				DEVELOPMENT_TEAM = LB5YMG5W6W;
				INFOPLIST_FILE = CurrencyUI/Info.plist;
				LD_RUNPATH_SEARCH_PATHS = (
					"$(inherited)",
					"@executable_path/Frameworks",
				);
				PRODUCT_BUNDLE_IDENTIFIER = wox1.CurrencyUI;
				PRODUCT_NAME = "$(TARGET_NAME)";
				SWIFT_VERSION = 4.2;
				TARGETED_DEVICE_FAMILY = "1,2";
			};
			name = Release;
		};
		04DC890222F8822500C92415 /* Debug */ = {
			isa = XCBuildConfiguration;
			baseConfigurationReference = 544B3F37896AC577EA2CE2E1 /* Pods-CurrencyUIUITests.debug.xcconfig */;
			buildSettings = {
				ALWAYS_EMBED_SWIFT_STANDARD_LIBRARIES = YES;
				CODE_SIGN_STYLE = Automatic;
				DEVELOPMENT_TEAM = LB5YMG5W6W;
				INFOPLIST_FILE = CurrencyUIUITests/Info.plist;
				LD_RUNPATH_SEARCH_PATHS = (
					"$(inherited)",
					"@executable_path/Frameworks",
					"@loader_path/Frameworks",
				);
				PRODUCT_BUNDLE_IDENTIFIER = wox1.CurrencyUIUITests;
				PRODUCT_NAME = "$(TARGET_NAME)";
				SWIFT_VERSION = 4.2;
				TARGETED_DEVICE_FAMILY = "1,2";
				TEST_TARGET_NAME = CurrencyUI;
			};
			name = Debug;
		};
		04DC890322F8822500C92415 /* Release */ = {
			isa = XCBuildConfiguration;
			baseConfigurationReference = 79ADD3B8D9113CFC4E5FEB1C /* Pods-CurrencyUIUITests.release.xcconfig */;
			buildSettings = {
				ALWAYS_EMBED_SWIFT_STANDARD_LIBRARIES = YES;
				CODE_SIGN_STYLE = Automatic;
				DEVELOPMENT_TEAM = LB5YMG5W6W;
				INFOPLIST_FILE = CurrencyUIUITests/Info.plist;
				LD_RUNPATH_SEARCH_PATHS = (
					"$(inherited)",
					"@executable_path/Frameworks",
					"@loader_path/Frameworks",
				);
				PRODUCT_BUNDLE_IDENTIFIER = wox1.CurrencyUIUITests;
				PRODUCT_NAME = "$(TARGET_NAME)";
				SWIFT_VERSION = 4.2;
				TARGETED_DEVICE_FAMILY = "1,2";
				TEST_TARGET_NAME = CurrencyUI;
			};
			name = Release;
		};
/* End XCBuildConfiguration section */

/* Begin XCConfigurationList section */
		04DC88DC22F8822400C92415 /* Build configuration list for PBXProject "CurrencyUI" */ = {
			isa = XCConfigurationList;
			buildConfigurations = (
				04DC88FC22F8822500C92415 /* Debug */,
				04DC88FD22F8822500C92415 /* Release */,
			);
			defaultConfigurationIsVisible = 0;
			defaultConfigurationName = Release;
		};
		04DC88FE22F8822500C92415 /* Build configuration list for PBXNativeTarget "CurrencyUI" */ = {
			isa = XCConfigurationList;
			buildConfigurations = (
				04DC88FF22F8822500C92415 /* Debug */,
				04DC890022F8822500C92415 /* Release */,
			);
			defaultConfigurationIsVisible = 0;
			defaultConfigurationName = Release;
		};
		04DC890122F8822500C92415 /* Build configuration list for PBXNativeTarget "CurrencyUIUITests" */ = {
			isa = XCConfigurationList;
			buildConfigurations = (
				04DC890222F8822500C92415 /* Debug */,
				04DC890322F8822500C92415 /* Release */,
			);
			defaultConfigurationIsVisible = 0;
			defaultConfigurationName = Release;
		};
/* End XCConfigurationList section */
	};
	rootObject = 04DC88D922F8822400C92415 /* Project object */;
}
